
Microsoft Visual Studio Solution File, Format Version 12.00
# Visual Studio Version 17
VisualStudioVersion = 17.0.31903.59
MinimumVisualStudioVersion = 10.0.40219.1
Project("{FAE04EC0-301F-11D3-BF4B-00C04F79EFBC}") = "Ordini.Api", "Ordini.Api\Ordini.Api.csproj", "{603F7A63-6731-4138-A867-392121FACFCB}"
EndProject
Project("{FAE04EC0-301F-11D3-BF4B-00C04F79EFBC}") = "Notifiche.Processor", "Notifiche.Processor\Notifiche.Processor.csproj", "{F72C1843-F630-4E87-BD7E-DF6B0C2E3CD9}"
EndProject
Project("{FAE04EC0-301F-11D3-BF4B-00C04F79EFBC}") = "Ordini.Processor", "Ordini.Processor\Ordini.Processor.csproj", "{A7C26707-8A3D-4E45-AA4F-8B780E54BFED}"
EndProject
Project("{FAE04EC0-301F-11D3-BF4B-00C04F79EFBC}") = "Pagamenti.Processor", "Pagamenti.Processor\Pagamenti.Processor.csproj", "{361F8D64-1127-48F0-A83E-07CD04A3D311}"
EndProject
Project("{FAE04EC0-301F-11D3-BF4B-00C04F79EFBC}") = "Inventario.Processor", "Inventario.Processor\Inventario.Processor.csproj", "{E10BDA62-CFCE-49A9-A0E3-EA6030A6F421}"
EndProject
Project("{FAE04EC0-301F-11D3-BF4B-00C04F79EFBC}") = "Ordini.Contracts", "Ordini.Contracts\Ordini.Contracts.csproj", "{A7DD151F-2087-4B76-B9E6-D96B8030E8D4}"
EndProject
Project("{2150E333-8FDC-42A3-9474-1A3956D46DE8}") = "Elementi di soluzione", "Elementi di soluzione", "{9DF70304-0A22-CE1E-AA12-D5904EE55694}"
	ProjectSection(SolutionItems) = preProject
		creazioneProgetto.ps1 = creazioneProgetto.ps1
		DB_NOTE.txt = DB_NOTE.txt
	EndProjectSection
EndProject
Project("{FAE04EC0-301F-11D3-BF4B-00C04F79EFBC}") = "Ordini.ApplicationAPI.Models", "Ordini.ApplicationAPI.Models\Ordini.ApplicationAPI.Models.csproj", "{DA9A9624-2102-4C51-8CB5-22BBCE033FAA}"
EndProject
Global
	GlobalSection(SolutionConfigurationPlatforms) = preSolution
		Debug|Any CPU = Debug|Any CPU
		Debug|x64 = Debug|x64
		Debug|x86 = Debug|x86
		Release|Any CPU = Release|Any CPU
		Release|x64 = Release|x64
		Release|x86 = Release|x86
	EndGlobalSection
	GlobalSection(ProjectConfigurationPlatforms) = postSolution
		{603F7A63-6731-4138-A867-392121FACFCB}.Debug|Any CPU.ActiveCfg = Debug|Any CPU
		{603F7A63-6731-4138-A867-392121FACFCB}.Debug|Any CPU.Build.0 = Debug|Any CPU
		{603F7A63-6731-4138-A867-392121FACFCB}.Debug|x64.ActiveCfg = Debug|Any CPU
		{603F7A63-6731-4138-A867-392121FACFCB}.Debug|x64.Build.0 = Debug|Any CPU
		{603F7A63-6731-4138-A867-392121FACFCB}.Debug|x86.ActiveCfg = Debug|Any CPU
		{603F7A63-6731-4138-A867-392121FACFCB}.Debug|x86.Build.0 = Debug|Any CPU
		{603F7A63-6731-4138-A867-392121FACFCB}.Release|Any CPU.ActiveCfg = Release|Any CPU
		{603F7A63-6731-4138-A867-392121FACFCB}.Release|Any CPU.Build.0 = Release|Any CPU
		{603F7A63-6731-4138-A867-392121FACFCB}.Release|x64.ActiveCfg = Release|Any CPU
		{603F7A63-6731-4138-A867-392121FACFCB}.Release|x64.Build.0 = Release|Any CPU
		{603F7A63-6731-4138-A867-392121FACFCB}.Release|x86.ActiveCfg = Release|Any CPU
		{603F7A63-6731-4138-A867-392121FACFCB}.Release|x86.Build.0 = Release|Any CPU
		{F72C1843-F630-4E87-BD7E-DF6B0C2E3CD9}.Debug|Any CPU.ActiveCfg = Debug|Any CPU
		{F72C1843-F630-4E87-BD7E-DF6B0C2E3CD9}.Debug|Any CPU.Build.0 = Debug|Any CPU
		{F72C1843-F630-4E87-BD7E-DF6B0C2E3CD9}.Debug|x64.ActiveCfg = Debug|Any CPU
		{F72C1843-F630-4E87-BD7E-DF6B0C2E3CD9}.Debug|x64.Build.0 = Debug|Any CPU
		{F72C1843-F630-4E87-BD7E-DF6B0C2E3CD9}.Debug|x86.ActiveCfg = Debug|Any CPU
		{F72C1843-F630-4E87-BD7E-DF6B0C2E3CD9}.Debug|x86.Build.0 = Debug|Any CPU
		{F72C1843-F630-4E87-BD7E-DF6B0C2E3CD9}.Release|Any CPU.ActiveCfg = Release|Any CPU
		{F72C1843-F630-4E87-BD7E-DF6B0C2E3CD9}.Release|Any CPU.Build.0 = Release|Any CPU
		{F72C1843-F630-4E87-BD7E-DF6B0C2E3CD9}.Release|x64.ActiveCfg = Release|Any CPU
		{F72C1843-F630-4E87-BD7E-DF6B0C2E3CD9}.Release|x64.Build.0 = Release|Any CPU
		{F72C1843-F630-4E87-BD7E-DF6B0C2E3CD9}.Release|x86.ActiveCfg = Release|Any CPU
		{F72C1843-F630-4E87-BD7E-DF6B0C2E3CD9}.Release|x86.Build.0 = Release|Any CPU
		{A7C26707-8A3D-4E45-AA4F-8B780E54BFED}.Debug|Any CPU.ActiveCfg = Debug|Any CPU
		{A7C26707-8A3D-4E45-AA4F-8B780E54BFED}.Debug|Any CPU.Build.0 = Debug|Any CPU
		{A7C26707-8A3D-4E45-AA4F-8B780E54BFED}.Debug|x64.ActiveCfg = Debug|Any CPU
		{A7C26707-8A3D-4E45-AA4F-8B780E54BFED}.Debug|x64.Build.0 = Debug|Any CPU
		{A7C26707-8A3D-4E45-AA4F-8B780E54BFED}.Debug|x86.ActiveCfg = Debug|Any CPU
		{A7C26707-8A3D-4E45-AA4F-8B780E54BFED}.Debug|x86.Build.0 = Debug|Any CPU
		{A7C26707-8A3D-4E45-AA4F-8B780E54BFED}.Release|Any CPU.ActiveCfg = Release|Any CPU
		{A7C26707-8A3D-4E45-AA4F-8B780E54BFED}.Release|Any CPU.Build.0 = Release|Any CPU
		{A7C26707-8A3D-4E45-AA4F-8B780E54BFED}.Release|x64.ActiveCfg = Release|Any CPU
		{A7C26707-8A3D-4E45-AA4F-8B780E54BFED}.Release|x64.Build.0 = Release|Any CPU
		{A7C26707-8A3D-4E45-AA4F-8B780E54BFED}.Release|x86.ActiveCfg = Release|Any CPU
		{A7C26707-8A3D-4E45-AA4F-8B780E54BFED}.Release|x86.Build.0 = Release|Any CPU
		{361F8D64-1127-48F0-A83E-07CD04A3D311}.Debug|Any CPU.ActiveCfg = Debug|Any CPU
		{361F8D64-1127-48F0-A83E-07CD04A3D311}.Debug|Any CPU.Build.0 = Debug|Any CPU
		{361F8D64-1127-48F0-A83E-07CD04A3D311}.Debug|x64.ActiveCfg = Debug|Any CPU
		{361F8D64-1127-48F0-A83E-07CD04A3D311}.Debug|x64.Build.0 = Debug|Any CPU
		{361F8D64-1127-48F0-A83E-07CD04A3D311}.Debug|x86.ActiveCfg = Debug|Any CPU
		{361F8D64-1127-48F0-A83E-07CD04A3D311}.Debug|x86.Build.0 = Debug|Any CPU
		{361F8D64-1127-48F0-A83E-07CD04A3D311}.Release|Any CPU.ActiveCfg = Release|Any CPU
		{361F8D64-1127-48F0-A83E-07CD04A3D311}.Release|Any CPU.Build.0 = Release|Any CPU
		{361F8D64-1127-48F0-A83E-07CD04A3D311}.Release|x64.ActiveCfg = Release|Any CPU
		{361F8D64-1127-48F0-A83E-07CD04A3D311}.Release|x64.Build.0 = Release|Any CPU
		{361F8D64-1127-48F0-A83E-07CD04A3D311}.Release|x86.ActiveCfg = Release|Any CPU
		{361F8D64-1127-48F0-A83E-07CD04A3D311}.Release|x86.Build.0 = Release|Any CPU
		{E10BDA62-CFCE-49A9-A0E3-EA6030A6F421}.Debug|Any CPU.ActiveCfg = Debug|Any CPU
		{E10BDA62-CFCE-49A9-A0E3-EA6030A6F421}.Debug|Any CPU.Build.0 = Debug|Any CPU
		{E10BDA62-CFCE-49A9-A0E3-EA6030A6F421}.Debug|x64.ActiveCfg = Debug|Any CPU
		{E10BDA62-CFCE-49A9-A0E3-EA6030A6F421}.Debug|x64.Build.0 = Debug|Any CPU
		{E10BDA62-CFCE-49A9-A0E3-EA6030A6F421}.Debug|x86.ActiveCfg = Debug|Any CPU
		{E10BDA62-CFCE-49A9-A0E3-EA6030A6F421}.Debug|x86.Build.0 = Debug|Any CPU
		{E10BDA62-CFCE-49A9-A0E3-EA6030A6F421}.Release|Any CPU.ActiveCfg = Release|Any CPU
		{E10BDA62-CFCE-49A9-A0E3-EA6030A6F421}.Release|Any CPU.Build.0 = Release|Any CPU
		{E10BDA62-CFCE-49A9-A0E3-EA6030A6F421}.Release|x64.ActiveCfg = Release|Any CPU
		{E10BDA62-CFCE-49A9-A0E3-EA6030A6F421}.Release|x64.Build.0 = Release|Any CPU
		{E10BDA62-CFCE-49A9-A0E3-EA6030A6F421}.Release|x86.ActiveCfg = Release|Any CPU
		{E10BDA62-CFCE-49A9-A0E3-EA6030A6F421}.Release|x86.Build.0 = Release|Any CPU
		{A7DD151F-2087-4B76-B9E6-D96B8030E8D4}.Debug|Any CPU.ActiveCfg = Debug|Any CPU
		{A7DD151F-2087-4B76-B9E6-D96B8030E8D4}.Debug|Any CPU.Build.0 = Debug|Any CPU
		{A7DD151F-2087-4B76-B9E6-D96B8030E8D4}.Debug|x64.ActiveCfg = Debug|Any CPU
		{A7DD151F-2087-4B76-B9E6-D96B8030E8D4}.Debug|x64.Build.0 = Debug|Any CPU
		{A7DD151F-2087-4B76-B9E6-D96B8030E8D4}.Debug|x86.ActiveCfg = Debug|Any CPU
		{A7DD151F-2087-4B76-B9E6-D96B8030E8D4}.Debug|x86.Build.0 = Debug|Any CPU
		{A7DD151F-2087-4B76-B9E6-D96B8030E8D4}.Release|Any CPU.ActiveCfg = Release|Any CPU
		{A7DD151F-2087-4B76-B9E6-D96B8030E8D4}.Release|Any CPU.Build.0 = Release|Any CPU
		{A7DD151F-2087-4B76-B9E6-D96B8030E8D4}.Release|x64.ActiveCfg = Release|Any CPU
		{A7DD151F-2087-4B76-B9E6-D96B8030E8D4}.Release|x64.Build.0 = Release|Any CPU
		{A7DD151F-2087-4B76-B9E6-D96B8030E8D4}.Release|x86.ActiveCfg = Release|Any CPU
		{A7DD151F-2087-4B76-B9E6-D96B8030E8D4}.Release|x86.Build.0 = Release|Any CPU
		{DA9A9624-2102-4C51-8CB5-22BBCE033FAA}.Debug|Any CPU.ActiveCfg = Debug|Any CPU
		{DA9A9624-2102-4C51-8CB5-22BBCE033FAA}.Debug|Any CPU.Build.0 = Debug|Any CPU
		{DA9A9624-2102-4C51-8CB5-22BBCE033FAA}.Debug|x64.ActiveCfg = Debug|Any CPU
		{DA9A9624-2102-4C51-8CB5-22BBCE033FAA}.Debug|x64.Build.0 = Debug|Any CPU
		{DA9A9624-2102-4C51-8CB5-22BBCE033FAA}.Debug|x86.ActiveCfg = Debug|Any CPU
		{DA9A9624-2102-4C51-8CB5-22BBCE033FAA}.Debug|x86.Build.0 = Debug|Any CPU
		{DA9A9624-2102-4C51-8CB5-22BBCE033FAA}.Release|Any CPU.ActiveCfg = Release|Any CPU
		{DA9A9624-2102-4C51-8CB5-22BBCE033FAA}.Release|Any CPU.Build.0 = Release|Any CPU
		{DA9A9624-2102-4C51-8CB5-22BBCE033FAA}.Release|x64.ActiveCfg = Release|Any CPU
		{DA9A9624-2102-4C51-8CB5-22BBCE033FAA}.Release|x64.Build.0 = Release|Any CPU
		{DA9A9624-2102-4C51-8CB5-22BBCE033FAA}.Release|x86.ActiveCfg = Release|Any CPU
		{DA9A9624-2102-4C51-8CB5-22BBCE033FAA}.Release|x86.Build.0 = Release|Any CPU
	EndGlobalSection
	GlobalSection(SolutionProperties) = preSolution
		HideSolutionNode = FALSE
	EndGlobalSection
	GlobalSection(ExtensibilityGlobals) = postSolution
		SolutionGuid = {2F74B02B-2732-4F00-9CB7-87D42B77EBA6}
	EndGlobalSection
EndGlobal
